
Microsoft Visual Studio Solution File, Format Version 12.00
# Visual Studio 15
VisualStudioVersion = 15.0.28010.2046
MinimumVisualStudioVersion = 10.0.40219.1
Project("{FAE04EC0-301F-11D3-BF4B-00C04F79EFBC}") = "video-locadora", "video-locadora\video-locadora.csproj", "{4F4C8357-50E4-43F0-A157-BE0085AA4145}"
EndProject
Global
	GlobalSection(SolutionConfigurationPlatforms) = preSolution
		Debug|Any CPU = Debug|Any CPU
		Release|Any CPU = Release|Any CPU
	EndGlobalSection
	GlobalSection(ProjectConfigurationPlatforms) = postSolution
		{4F4C8357-50E4-43F0-A157-BE0085AA4145}.Debug|Any CPU.ActiveCfg = Debug|Any CPU
		{4F4C8357-50E4-43F0-A157-BE0085AA4145}.Debug|Any CPU.Build.0 = Debug|Any CPU
		{4F4C8357-50E4-43F0-A157-BE0085AA4145}.Release|Any CPU.ActiveCfg = Release|Any CPU
		{4F4C8357-50E4-43F0-A157-BE0085AA4145}.Release|Any CPU.Build.0 = Release|Any CPU
	EndGlobalSection
	GlobalSection(SolutionProperties) = preSolution
		HideSolutionNode = FALSE
	EndGlobalSection
	GlobalSection(ExtensibilityGlobals) = postSolution
		SolutionGuid = {09C14F54-83B5-4BD3-AE0B-430034893BE6}
	EndGlobalSection
EndGlobal
